{
    "_meta": {
        "hash": {
            "sha256": "98c6ca43923cfb4fba106459c681468ef8aed1d3a0d857105dd3c525979d53bb"
        },
        "pipfile-spec": 6,
        "requires": {
            "python_version": "3.8"
        },
        "sources": [
            {
                "name": "pypi",
                "url": "https://pypi.org/simple",
                "verify_ssl": true
            }
        ]
    },
    "default": {},
    "develop": {}
}
