{
    "_meta": {
        "hash": {
            "sha256": "be8a50e2ca302530b3bfbc986bea28c81f8338165351de5d08fa720ef9b483b1"
        },
        "pipfile-spec": 6,
        "requires": {
            "python_version": "3.8"
        },
        "sources": [
            {
                "name": "pypi",
                "url": "https://pypi.org/simple",
                "verify_ssl": true
            }
        ]
    },
    "default": {},
    "develop": {}
}
